
Microsoft Visual Studio Solution File, Format Version 12.00
# Visual Studio Version 17
VisualStudioVersion = 17.14.36401.2 d17.14
MinimumVisualStudioVersion = 10.0.40219.1
Project("{FAE04EC0-301F-11D3-BF4B-00C04F79EFBC}") = "Ticketing.Application", "Ticketing\Ticketing.Application\Ticketing.Application.csproj", "{53070C32-AB2D-45E1-B708-745BDA31CCDC}"
EndProject
Project("{FAE04EC0-301F-11D3-BF4B-00C04F79EFBC}") = "Ticketing.Domain", "Ticketing\Ticketing.Domain\Ticketing.Domain.csproj", "{4F9D6EC7-D8F0-49C5-88BD-425B45B9DC2E}"
EndProject
Project("{FAE04EC0-301F-11D3-BF4B-00C04F79EFBC}") = "Ticketing.Infrastructure", "Ticketing\Ticketing.Infrastructure\Ticketing.Infrastructure.csproj", "{EAE9A1AC-051C-4E84-BB48-B88B063B015D}"
EndProject
Project("{FAE04EC0-301F-11D3-BF4B-00C04F79EFBC}") = "Ticketing.WebAPI", "Ticketing\Ticketing.WebAPI\Ticketing.WebAPI.csproj", "{3B8352D6-2DBB-4978-9FBD-830D4852CA5A}"
EndProject
Global
	GlobalSection(SolutionConfigurationPlatforms) = preSolution
		Debug|Any CPU = Debug|Any CPU
		Release|Any CPU = Release|Any CPU
	EndGlobalSection
	GlobalSection(ProjectConfigurationPlatforms) = postSolution
		{53070C32-AB2D-45E1-B708-745BDA31CCDC}.Debug|Any CPU.ActiveCfg = Debug|Any CPU
		{53070C32-AB2D-45E1-B708-745BDA31CCDC}.Debug|Any CPU.Build.0 = Debug|Any CPU
		{53070C32-AB2D-45E1-B708-745BDA31CCDC}.Release|Any CPU.ActiveCfg = Release|Any CPU
		{53070C32-AB2D-45E1-B708-745BDA31CCDC}.Release|Any CPU.Build.0 = Release|Any CPU
		{4F9D6EC7-D8F0-49C5-88BD-425B45B9DC2E}.Debug|Any CPU.ActiveCfg = Debug|Any CPU
		{4F9D6EC7-D8F0-49C5-88BD-425B45B9DC2E}.Debug|Any CPU.Build.0 = Debug|Any CPU
		{4F9D6EC7-D8F0-49C5-88BD-425B45B9DC2E}.Release|Any CPU.ActiveCfg = Release|Any CPU
		{4F9D6EC7-D8F0-49C5-88BD-425B45B9DC2E}.Release|Any CPU.Build.0 = Release|Any CPU
		{EAE9A1AC-051C-4E84-BB48-B88B063B015D}.Debug|Any CPU.ActiveCfg = Debug|Any CPU
		{EAE9A1AC-051C-4E84-BB48-B88B063B015D}.Debug|Any CPU.Build.0 = Debug|Any CPU
		{EAE9A1AC-051C-4E84-BB48-B88B063B015D}.Release|Any CPU.ActiveCfg = Release|Any CPU
		{EAE9A1AC-051C-4E84-BB48-B88B063B015D}.Release|Any CPU.Build.0 = Release|Any CPU
		{3B8352D6-2DBB-4978-9FBD-830D4852CA5A}.Debug|Any CPU.ActiveCfg = Debug|Any CPU
		{3B8352D6-2DBB-4978-9FBD-830D4852CA5A}.Debug|Any CPU.Build.0 = Debug|Any CPU
		{3B8352D6-2DBB-4978-9FBD-830D4852CA5A}.Release|Any CPU.ActiveCfg = Release|Any CPU
		{3B8352D6-2DBB-4978-9FBD-830D4852CA5A}.Release|Any CPU.Build.0 = Release|Any CPU
	EndGlobalSection
	GlobalSection(SolutionProperties) = preSolution
		HideSolutionNode = FALSE
	EndGlobalSection
	GlobalSection(ExtensibilityGlobals) = postSolution
		SolutionGuid = {35FCD470-E24F-465C-9F03-C67CADE69409}
	EndGlobalSection
EndGlobal
